
Microsoft Visual Studio Solution File, Format Version 12.00
# Visual Studio 14
VisualStudioVersion = 14.0.25420.1
MinimumVisualStudioVersion = 10.0.40219.1
Project("{FAE04EC0-301F-11D3-BF4B-00C04F79EFBC}") = "Bloggy", "Bloggy\Bloggy.csproj", "{5B2091C8-9BC1-4D1D-82B4-9F804BAD36AB}"
EndProject
Project("{FAE04EC0-301F-11D3-BF4B-00C04F79EFBC}") = "BloggyClass", "BloggyClass\BloggyClass.csproj", "{3192B0E0-AE04-4482-86F7-0CCCD611D38B}"
EndProject
Project("{FAE04EC0-301F-11D3-BF4B-00C04F79EFBC}") = "LogInClass", "LogInClass\LogInClass.csproj", "{2FC33756-3754-4DE3-998C-CF59057EB7F8}"
EndProject
Global
	GlobalSection(SolutionConfigurationPlatforms) = preSolution
		Debug|Any CPU = Debug|Any CPU
		Release|Any CPU = Release|Any CPU
	EndGlobalSection
	GlobalSection(ProjectConfigurationPlatforms) = postSolution
		{5B2091C8-9BC1-4D1D-82B4-9F804BAD36AB}.Debug|Any CPU.ActiveCfg = Debug|Any CPU
		{5B2091C8-9BC1-4D1D-82B4-9F804BAD36AB}.Debug|Any CPU.Build.0 = Debug|Any CPU
		{5B2091C8-9BC1-4D1D-82B4-9F804BAD36AB}.Release|Any CPU.ActiveCfg = Release|Any CPU
		{5B2091C8-9BC1-4D1D-82B4-9F804BAD36AB}.Release|Any CPU.Build.0 = Release|Any CPU
		{3192B0E0-AE04-4482-86F7-0CCCD611D38B}.Debug|Any CPU.ActiveCfg = Debug|Any CPU
		{3192B0E0-AE04-4482-86F7-0CCCD611D38B}.Debug|Any CPU.Build.0 = Debug|Any CPU
		{3192B0E0-AE04-4482-86F7-0CCCD611D38B}.Release|Any CPU.ActiveCfg = Release|Any CPU
		{3192B0E0-AE04-4482-86F7-0CCCD611D38B}.Release|Any CPU.Build.0 = Release|Any CPU
		{2FC33756-3754-4DE3-998C-CF59057EB7F8}.Debug|Any CPU.ActiveCfg = Debug|Any CPU
		{2FC33756-3754-4DE3-998C-CF59057EB7F8}.Debug|Any CPU.Build.0 = Debug|Any CPU
		{2FC33756-3754-4DE3-998C-CF59057EB7F8}.Release|Any CPU.ActiveCfg = Release|Any CPU
		{2FC33756-3754-4DE3-998C-CF59057EB7F8}.Release|Any CPU.Build.0 = Release|Any CPU
	EndGlobalSection
	GlobalSection(SolutionProperties) = preSolution
		HideSolutionNode = FALSE
	EndGlobalSection
EndGlobal
